{
  "name": "webinar_13",
  "version": "1.0.0",
  "lockfileVersion": 1,
  "requires": true,
  "dependencies": {
    "@async-generators/from-emitter": {
      "version": "0.3.0",
      "resolved": "https://registry.npmjs.org/@async-generators/from-emitter/-/from-emitter-0.3.0.tgz",
      "integrity": "sha512-9ne/GfJfbw77wuA08WtuNIvMhpDwAEPT/GX/Dn33y/Bu1zKqO0bOWmcWTpLiHrO2vedEbW0GihfkG7EINEghsA==",
      "requires": {
        "@async-generators/subject": "0.4.0",
        "@async-generators/terminator": "0.4.0"
      }
    },
    "@async-generators/subject": {
      "version": "0.4.0",
      "resolved": "https://registry.npmjs.org/@async-generators/subject/-/subject-0.4.0.tgz",
      "integrity": "sha512-ydMe58ouMupnJlvBq6SaG6ranw1uX6rcAfAVE37oNJLen9RJ1+sY6yju8xp6en8RwWn3gBtAx03ot1Ycr3U0QQ==",
      "requires": {
        "@async-generators/terminator": "0.4.0",
        "events": "1.1.1"
      }
    },
    "@async-generators/terminator": {
      "version": "0.4.0",
      "resolved": "https://registry.npmjs.org/@async-generators/terminator/-/terminator-0.4.0.tgz",
      "integrity": "sha512-Kj08FqHgdx4QZ1mwJrlN3L2MWNNWHHWSQezfClxMUvGU1pYjoRa/4Yev1U/2Y71aqDDXEYC7pr13HNv7Un7Kog=="
    },
    "@types/mysql": {
      "version": "2.15.5",
      "resolved": "https://registry.npmjs.org/@types/mysql/-/mysql-2.15.5.tgz",
      "integrity": "sha512-4QAISTUGZbcFh7bqdndo08xRdES5OTU+JODy8VCZbe1yiXyGjqw1H83G43XjQ3IbC10wn9xlGd44A5RXJwNh0Q==",
      "requires": {
        "@types/node": "10.12.2"
      }
    },
    "@types/node": {
      "version": "10.12.2",
      "resolved": "https://registry.npmjs.org/@types/node/-/node-10.12.2.tgz",
      "integrity": "sha512-53ElVDSnZeFUUFIYzI8WLQ25IhWzb6vbddNp8UHlXQyU0ET2RhV5zg0NfubzU7iNMh5bBXb0htCzfvrSVNgzaQ=="
    },
    "denque": {
      "version": "1.3.0",
      "resolved": "https://registry.npmjs.org/denque/-/denque-1.3.0.tgz",
      "integrity": "sha512-4SRaSj+PqmrS1soW5/Avd7eJIM2JJIqLLmwhRqIGleZM/8KwZq80njbSS2Iqas+6oARkSkLDHEk4mm78q3JlIg=="
    },
    "events": {
      "version": "1.1.1",
      "resolved": "http://registry.npmjs.org/events/-/events-1.1.1.tgz",
      "integrity": "sha1-nr23Y1rQmccNzEwqH1AEKI6L2SQ="
    },
    "generate-function": {
      "version": "2.3.1",
      "resolved": "https://registry.npmjs.org/generate-function/-/generate-function-2.3.1.tgz",
      "integrity": "sha512-eeB5GfMNeevm/GRYq20ShmsaGcmI81kIX2K9XQx5miC8KdHaC6Jm0qQ8ZNeGOi7wYB8OsdxKs+Y2oVuTFuVwKQ==",
      "requires": {
        "is-property": "1.0.2"
      }
    },
    "iconv-lite": {
      "version": "0.4.24",
      "resolved": "https://registry.npmjs.org/iconv-lite/-/iconv-lite-0.4.24.tgz",
      "integrity": "sha512-v3MXnZAcvnywkTUEZomIActle7RXXeedOR31wwl7VlyoXO4Qi9arvSenNQWne1TcRwhCL1HwLI21bEqdpj8/rA==",
      "requires": {
        "safer-buffer": "2.1.2"
      }
    },
    "is-property": {
      "version": "1.0.2",
      "resolved": "https://registry.npmjs.org/is-property/-/is-property-1.0.2.tgz",
      "integrity": "sha1-V/4cTkhHTt1lsJkR8msc1Ald2oQ="
    },
    "long": {
      "version": "4.0.0",
      "resolved": "https://registry.npmjs.org/long/-/long-4.0.0.tgz",
      "integrity": "sha512-XsP+KhQif4bjX1kbuSiySJFNAehNxgLb6hPRGJ9QsUr8ajHkuXGdrHmFUTUUXhDwVX2R5bY4JNZEwbUiMhV+MA=="
    },
    "lru-cache": {
      "version": "4.1.3",
      "resolved": "https://registry.npmjs.org/lru-cache/-/lru-cache-4.1.3.tgz",
      "integrity": "sha512-fFEhvcgzuIoJVUF8fYr5KR0YqxD238zgObTps31YdADwPPAp82a4M8TrckkWyx7ekNlf9aBcVn81cFwwXngrJA==",
      "requires": {
        "pseudomap": "1.0.2",
        "yallist": "2.1.2"
      }
    },
    "mysql2": {
      "version": "1.6.3",
      "resolved": "https://registry.npmjs.org/mysql2/-/mysql2-1.6.3.tgz",
      "integrity": "sha512-xEWSXLlLTlHbteYrEenQltdawR20jC+L/TtiqdGEG4eWoq+OicAudjXG3PJ/OxgYxmXUmSWTdm/ZG66zSA7Lmg==",
      "requires": {
        "denque": "1.3.0",
        "generate-function": "2.3.1",
        "iconv-lite": "0.4.24",
        "long": "4.0.0",
        "lru-cache": "4.1.3",
        "named-placeholders": "1.1.1",
        "seq-queue": "0.0.5",
        "sqlstring": "2.3.1"
      }
    },
    "mysql3": {
      "version": "0.1.5",
      "resolved": "https://registry.npmjs.org/mysql3/-/mysql3-0.1.5.tgz",
      "integrity": "sha512-aKeakzMExvw+zjpsQpUbLiUB6b5vrgXNvfPLgonNECIih5k0R5O04NqJZJWpL7/mFkIKLslPMis52IdYa/alEA==",
      "requires": {
        "@async-generators/from-emitter": "0.3.0",
        "@types/mysql": "2.15.5",
        "mysql2": "1.6.3"
      }
    },
    "named-placeholders": {
      "version": "1.1.1",
      "resolved": "https://registry.npmjs.org/named-placeholders/-/named-placeholders-1.1.1.tgz",
      "integrity": "sha1-O3oNJiA910s6nfTJz7gnsvuQfmQ=",
      "requires": {
        "lru-cache": "2.5.0"
      },
      "dependencies": {
        "lru-cache": {
          "version": "2.5.0",
          "resolved": "https://registry.npmjs.org/lru-cache/-/lru-cache-2.5.0.tgz",
          "integrity": "sha1-2COIrpyWC+y+oMc7uet5tsbOmus="
        }
      }
    },
    "pseudomap": {
      "version": "1.0.2",
      "resolved": "https://registry.npmjs.org/pseudomap/-/pseudomap-1.0.2.tgz",
      "integrity": "sha1-8FKijacOYYkX7wqKw0wa5aaChrM="
    },
    "safer-buffer": {
      "version": "2.1.2",
      "resolved": "https://registry.npmjs.org/safer-buffer/-/safer-buffer-2.1.2.tgz",
      "integrity": "sha512-YZo3K82SD7Riyi0E1EQPojLz7kpepnSQI9IyPbHHg1XXXevb5dJI7tpyN2ADxGcQbHG7vcyRHk0cbwqcQriUtg=="
    },
    "seq-queue": {
      "version": "0.0.5",
      "resolved": "https://registry.npmjs.org/seq-queue/-/seq-queue-0.0.5.tgz",
      "integrity": "sha1-1WgS4cAXpuTnw+Ojeh2m143TyT4="
    },
    "sqlstring": {
      "version": "2.3.1",
      "resolved": "https://registry.npmjs.org/sqlstring/-/sqlstring-2.3.1.tgz",
      "integrity": "sha1-R1OT/56RR5rqYtyvDKPRSYOn+0A="
    },
    "yallist": {
      "version": "2.1.2",
      "resolved": "https://registry.npmjs.org/yallist/-/yallist-2.1.2.tgz",
      "integrity": "sha1-HBH5IY8HYImkfdUS+TxmmaaoHVI="
    }
  }
}
